// !$*UTF8*$!
{
	archiveVersion = 1;
	classes = {
	};
	objectVersion = 56;
	objects = {

/* Begin PBXBuildFile section */
		86DF44C62D8DE7F30034E04E /* Atividade_4App.swift in Sources */ = {isa = PBXBuildFile; fileRef = 86DF44C52D8DE7F30034E04E /* Atividade_4App.swift */; };
		86DF44C82D8DE7F30034E04E /* ContentView.swift in Sources */ = {isa = PBXBuildFile; fileRef = 86DF44C72D8DE7F30034E04E /* ContentView.swift */; };
		86DF44CA2D8DE7F40034E04E /* Assets.xcassets in Resources */ = {isa = PBXBuildFile; fileRef = 86DF44C92D8DE7F40034E04E /* Assets.xcassets */; };
		86DF44CD2D8DE7F40034E04E /* Preview Assets.xcassets in Resources */ = {isa = PBXBuildFile; fileRef = 86DF44CC2D8DE7F40034E04E /* Preview Assets.xcassets */; };
		86DF44D42D8DE8540034E04E /* p1view.swift in Sources */ = {isa = PBXBuildFile; fileRef = 86DF44D32D8DE8540034E04E /* p1view.swift */; };
		86DF44D62D8DE9D30034E04E /* p2View.swift in Sources */ = {isa = PBXBuildFile; fileRef = 86DF44D52D8DE9D30034E04E /* p2View.swift */; };
		86DF44D82D8DE9DF0034E04E /* p3View.swift in Sources */ = {isa = PBXBuildFile; fileRef = 86DF44D72D8DE9DF0034E04E /* p3View.swift */; };
		86DF44DA2D8DEAA70034E04E /* p4View.swift in Sources */ = {isa = PBXBuildFile; fileRef = 86DF44D92D8DEAA70034E04E /* p4View.swift */; };
/* End PBXBuildFile section */

/* Begin PBXFileReference section */
		86DF44C22D8DE7F30034E04E /* Atividade 4.app */ = {isa = PBXFileReference; explicitFileType = wrapper.application; includeInIndex = 0; path = "Atividade 4.app"; sourceTree = BUILT_PRODUCTS_DIR; };
		86DF44C52D8DE7F30034E04E /* Atividade_4App.swift */ = {isa = PBXFileReference; lastKnownFileType = sourcecode.swift; path = Atividade_4App.swift; sourceTree = "<group>"; };
		86DF44C72D8DE7F30034E04E /* ContentView.swift */ = {isa = PBXFileReference; lastKnownFileType = sourcecode.swift; path = ContentView.swift; sourceTree = "<group>"; };
		86DF44C92D8DE7F40034E04E /* Assets.xcassets */ = {isa = PBXFileReference; lastKnownFileType = folder.assetcatalog; path = Assets.xcassets; sourceTree = "<group>"; };
		86DF44CC2D8DE7F40034E04E /* Preview Assets.xcassets */ = {isa = PBXFileReference; lastKnownFileType = folder.assetcatalog; path = "Preview Assets.xcassets"; sourceTree = "<group>"; };
		86DF44D32D8DE8540034E04E /* p1view.swift */ = {isa = PBXFileReference; lastKnownFileType = sourcecode.swift; path = p1view.swift; sourceTree = "<group>"; };
		86DF44D52D8DE9D30034E04E /* p2View.swift */ = {isa = PBXFileReference; lastKnownFileType = sourcecode.swift; path = p2View.swift; sourceTree = "<group>"; };
		86DF44D72D8DE9DF0034E04E /* p3View.swift */ = {isa = PBXFileReference; lastKnownFileType = sourcecode.swift; path = p3View.swift; sourceTree = "<group>"; };
		86DF44D92D8DEAA70034E04E /* p4View.swift */ = {isa = PBXFileReference; lastKnownFileType = sourcecode.swift; path = p4View.swift; sourceTree = "<group>"; };
/* End PBXFileReference section */

/* Begin PBXFrameworksBuildPhase section */
		86DF44BF2D8DE7F30034E04E /* Frameworks */ = {
			isa = PBXFrameworksBuildPhase;
			buildActionMask = 2147483647;
			files = (
			);
			runOnlyForDeploymentPostprocessing = 0;
		};
/* End PBXFrameworksBuildPhase section */

/* Begin PBXGroup section */
		86DF44B92D8DE7F30034E04E = {
			isa = PBXGroup;
			children = (
				86DF44C42D8DE7F30034E04E /* Atividade 4 */,
				86DF44C32D8DE7F30034E04E /* Products */,
			);
			sourceTree = "<group>";
		};
		86DF44C32D8DE7F30034E04E /* Products */ = {
			isa = PBXGroup;
			children = (
				86DF44C22D8DE7F30034E04E /* Atividade 4.app */,
			);
			name = Products;
			sourceTree = "<group>";
		};
		86DF44C42D8DE7F30034E04E /* Atividade 4 */ = {
			isa = PBXGroup;
			children = (
				86DF44C52D8DE7F30034E04E /* Atividade_4App.swift */,
				86DF44C72D8DE7F30034E04E /* ContentView.swift */,
				86DF44D92D8DEAA70034E04E /* p4View.swift */,
				86DF44D32D8DE8540034E04E /* p1view.swift */,
				86DF44D52D8DE9D30034E04E /* p2View.swift */,
				86DF44D72D8DE9DF0034E04E /* p3View.swift */,
				86DF44C92D8DE7F40034E04E /* Assets.xcassets */,
				86DF44CB2D8DE7F40034E04E /* Preview Content */,
			);
			path = "Atividade 4";
			sourceTree = "<group>";
		};
		86DF44CB2D8DE7F40034E04E /* Preview Content */ = {
			isa = PBXGroup;
			children = (
				86DF44CC2D8DE7F40034E04E /* Preview Assets.xcassets */,
			);
			path = "Preview Content";
			sourceTree = "<group>";
		};
/* End PBXGroup section */

/* Begin PBXNativeTarget section */
		86DF44C12D8DE7F30034E04E /* Atividade 4 */ = {
			isa = PBXNativeTarget;
			buildConfigurationList = 86DF44D02D8DE7F40034E04E /* Build configuration list for PBXNativeTarget "Atividade 4" */;
			buildPhases = (
				86DF44BE2D8DE7F30034E04E /* Sources */,
				86DF44BF2D8DE7F30034E04E /* Frameworks */,
				86DF44C02D8DE7F30034E04E /* Resources */,
			);
			buildRules = (
			);
			dependencies = (
			);
			name = "Atividade 4";
			productName = "Atividade 4";
			productReference = 86DF44C22D8DE7F30034E04E /* Atividade 4.app */;
			productType = "com.apple.product-type.application";
		};
/* End PBXNativeTarget section */

/* Begin PBXProject section */
		86DF44BA2D8DE7F30034E04E /* Project object */ = {
			isa = PBXProject;
			attributes = {
				BuildIndependentTargetsInParallel = 1;
				LastSwiftUpdateCheck = 1540;
				LastUpgradeCheck = 1540;
				TargetAttributes = {
					86DF44C12D8DE7F30034E04E = {
						CreatedOnToolsVersion = 15.4;
					};
				};
			};
			buildConfigurationList = 86DF44BD2D8DE7F30034E04E /* Build configuration list for PBXProject "Atividade 4" */;
			compatibilityVersion = "Xcode 14.0";
			developmentRegion = en;
			hasScannedForEncodings = 0;
			knownRegions = (
				en,
				Base,
			);
			mainGroup = 86DF44B92D8DE7F30034E04E;
			productRefGroup = 86DF44C32D8DE7F30034E04E /* Products */;
			projectDirPath = "";
			projectRoot = "";
			targets = (
				86DF44C12D8DE7F30034E04E /* Atividade 4 */,
			);
		};
/* End PBXProject section */

/* Begin PBXResourcesBuildPhase section */
		86DF44C02D8DE7F30034E04E /* Resources */ = {
			isa = PBXResourcesBuildPhase;
			buildActionMask = 2147483647;
			files = (
				86DF44CD2D8DE7F40034E04E /* Preview Assets.xcassets in Resources */,
				86DF44CA2D8DE7F40034E04E /* Assets.xcassets in Resources */,
			);
			runOnlyForDeploymentPostprocessing = 0;
		};
/* End PBXResourcesBuildPhase section */

/* Begin PBXSourcesBuildPhase section */
		86DF44BE2D8DE7F30034E04E /* Sources */ = {
			isa = PBXSourcesBuildPhase;
			buildActionMask = 2147483647;
			files = (
				86DF44D62D8DE9D30034E04E /* p2View.swift in Sources */,
				86DF44C82D8DE7F30034E04E /* ContentView.swift in Sources */,
				86DF44D82D8DE9DF0034E04E /* p3View.swift in Sources */,
				86DF44C62D8DE7F30034E04E /* Atividade_4App.swift in Sources */,
				86DF44DA2D8DEAA70034E04E /* p4View.swift in Sources */,
				86DF44D42D8DE8540034E04E /* p1view.swift in Sources */,
			);
			runOnlyForDeploymentPostprocessing = 0;
		};
/* End PBXSourcesBuildPhase section */

/* Begin XCBuildConfiguration section */
		86DF44CE2D8DE7F40034E04E /* Debug */ = {
			isa = XCBuildConfiguration;
			buildSettings = {
				ALWAYS_SEARCH_USER_PATHS = NO;
				ASSETCATALOG_COMPILER_GENERATE_SWIFT_ASSET_SYMBOL_EXTENSIONS = YES;
				CLANG_ANALYZER_NONNULL = YES;
				CLANG_ANALYZER_NUMBER_OBJECT_CONVERSION = YES_AGGRESSIVE;
				CLANG_CXX_LANGUAGE_STANDARD = "gnu++20";
				CLANG_ENABLE_MODULES = YES;
				CLANG_ENABLE_OBJC_ARC = YES;
				CLANG_ENABLE_OBJC_WEAK = YES;
				CLANG_WARN_BLOCK_CAPTURE_AUTORELEASING = YES;
				CLANG_WARN_BOOL_CONVERSION = YES;
				CLANG_WARN_COMMA = YES;
				CLANG_WARN_CONSTANT_CONVERSION = YES;
				CLANG_WARN_DEPRECATED_OBJC_IMPLEMENTATIONS = YES;
				CLANG_WARN_DIRECT_OBJC_ISA_USAGE = YES_ERROR;
				CLANG_WARN_DOCUMENTATION_COMMENTS = YES;
				CLANG_WARN_EMPTY_BODY = YES;
				CLANG_WARN_ENUM_CONVERSION = YES;
				CLANG_WARN_INFINITE_RECURSION = YES;
				CLANG_WARN_INT_CONVERSION = YES;
				CLANG_WARN_NON_LITERAL_NULL_CONVERSION = YES;
				CLANG_WARN_OBJC_IMPLICIT_RETAIN_SELF = YES;
				CLANG_WARN_OBJC_LITERAL_CONVERSION = YES;
				CLANG_WARN_OBJC_ROOT_CLASS = YES_ERROR;
				CLANG_WARN_QUOTED_INCLUDE_IN_FRAMEWORK_HEADER = YES;
				CLANG_WARN_RANGE_LOOP_ANALYSIS = YES;
				CLANG_WARN_STRICT_PROTOTYPES = YES;
				CLANG_WARN_SUSPICIOUS_MOVE = YES;
				CLANG_WARN_UNGUARDED_AVAILABILITY = YES_AGGRESSIVE;
				CLANG_WARN_UNREACHABLE_CODE = YES;
				CLANG_WARN__DUPLICATE_METHOD_MATCH = YES;
				COPY_PHASE_STRIP = NO;
				DEBUG_INFORMATION_FORMAT = dwarf;
				ENABLE_STRICT_OBJC_MSGSEND = YES;
				ENABLE_TESTABILITY = YES;
				ENABLE_USER_SCRIPT_SANDBOXING = YES;
				GCC_C_LANGUAGE_STANDARD = gnu17;
				GCC_DYNAMIC_NO_PIC = NO;
				GCC_NO_COMMON_BLOCKS = YES;
				GCC_OPTIMIZATION_LEVEL = 0;
				GCC_PREPROCESSOR_DEFINITIONS = (
					"DEBUG=1",
					"$(inherited)",
				);
				GCC_WARN_64_TO_32_BIT_CONVERSION = YES;
				GCC_WARN_ABOUT_RETURN_TYPE = YES_ERROR;
				GCC_WARN_UNDECLARED_SELECTOR = YES;
				GCC_WARN_UNINITIALIZED_AUTOS = YES_AGGRESSIVE;
				GCC_WARN_UNUSED_FUNCTION = YES;
				GCC_WARN_UNUSED_VARIABLE = YES;
				IPHONEOS_DEPLOYMENT_TARGET = 17.5;
				LOCALIZATION_PREFERS_STRING_CATALOGS = YES;
				MTL_ENABLE_DEBUG_INFO = INCLUDE_SOURCE;
				MTL_FAST_MATH = YES;
				ONLY_ACTIVE_ARCH = YES;
				SDKROOT = iphoneos;
				SWIFT_ACTIVE_COMPILATION_CONDITIONS = "DEBUG $(inherited)";
				SWIFT_OPTIMIZATION_LEVEL = "-Onone";
			};
			name = Debug;
		};
		86DF44CF2D8DE7F40034E04E /* Release */ = {
			isa = XCBuildConfiguration;
			buildSettings = {
				ALWAYS_SEARCH_USER_PATHS = NO;
				ASSETCATALOG_COMPILER_GENERATE_SWIFT_ASSET_SYMBOL_EXTENSIONS = YES;
				CLANG_ANALYZER_NONNULL = YES;
				CLANG_ANALYZER_NUMBER_OBJECT_CONVERSION = YES_AGGRESSIVE;
				CLANG_CXX_LANGUAGE_STANDARD = "gnu++20";
				CLANG_ENABLE_MODULES = YES;
				CLANG_ENABLE_OBJC_ARC = YES;
				CLANG_ENABLE_OBJC_WEAK = YES;
				CLANG_WARN_BLOCK_CAPTURE_AUTORELEASING = YES;
				CLANG_WARN_BOOL_CONVERSION = YES;
				CLANG_WARN_COMMA = YES;
				CLANG_WARN_CONSTANT_CONVERSION = YES;
				CLANG_WARN_DEPRECATED_OBJC_IMPLEMENTATIONS = YES;
				CLANG_WARN_DIRECT_OBJC_ISA_USAGE = YES_ERROR;
				CLANG_WARN_DOCUMENTATION_COMMENTS = YES;
				CLANG_WARN_EMPTY_BODY = YES;
				CLANG_WARN_ENUM_CONVERSION = YES;
				CLANG_WARN_INFINITE_RECURSION = YES;
				CLANG_WARN_INT_CONVERSION = YES;
				CLANG_WARN_NON_LITERAL_NULL_CONVERSION = YES;
				CLANG_WARN_OBJC_IMPLICIT_RETAIN_SELF = YES;
				CLANG_WARN_OBJC_LITERAL_CONVERSION = YES;
				CLANG_WARN_OBJC_ROOT_CLASS = YES_ERROR;
				CLANG_WARN_QUOTED_INCLUDE_IN_FRAMEWORK_HEADER = YES;
				CLANG_WARN_RANGE_LOOP_ANALYSIS = YES;
				CLANG_WARN_STRICT_PROTOTYPES = YES;
				CLANG_WARN_SUSPICIOUS_MOVE = YES;
				CLANG_WARN_UNGUARDED_AVAILABILITY = YES_AGGRESSIVE;
				CLANG_WARN_UNREACHABLE_CODE = YES;
				CLANG_WARN__DUPLICATE_METHOD_MATCH = YES;
				COPY_PHASE_STRIP = NO;
				DEBUG_INFORMATION_FORMAT = "dwarf-with-dsym";
				ENABLE_NS_ASSERTIONS = NO;
				ENABLE_STRICT_OBJC_MSGSEND = YES;
				ENABLE_USER_SCRIPT_SANDBOXING = YES;
				GCC_C_LANGUAGE_STANDARD = gnu17;
				GCC_NO_COMMON_BLOCKS = YES;
				GCC_WARN_64_TO_32_BIT_CONVERSION = YES;
				GCC_WARN_ABOUT_RETURN_TYPE = YES_ERROR;
				GCC_WARN_UNDECLARED_SELECTOR = YES;
				GCC_WARN_UNINITIALIZED_AUTOS = YES_AGGRESSIVE;
				GCC_WARN_UNUSED_FUNCTION = YES;
				GCC_WARN_UNUSED_VARIABLE = YES;
				IPHONEOS_DEPLOYMENT_TARGET = 17.5;
				LOCALIZATION_PREFERS_STRING_CATALOGS = YES;
				MTL_ENABLE_DEBUG_INFO = NO;
				MTL_FAST_MATH = YES;
				SDKROOT = iphoneos;
				SWIFT_COMPILATION_MODE = wholemodule;
				VALIDATE_PRODUCT = YES;
			};
			name = Release;
		};
		86DF44D12D8DE7F40034E04E /* Debug */ = {
			isa = XCBuildConfiguration;
			buildSettings = {
				ASSETCATALOG_COMPILER_APPICON_NAME = AppIcon;
				ASSETCATALOG_COMPILER_GLOBAL_ACCENT_COLOR_NAME = AccentColor;
				CODE_SIGN_STYLE = Automatic;
				CURRENT_PROJECT_VERSION = 1;
				DEVELOPMENT_ASSET_PATHS = "\"Atividade 4/Preview Content\"";
				ENABLE_PREVIEWS = YES;
				GENERATE_INFOPLIST_FILE = YES;
				INFOPLIST_KEY_UIApplicationSceneManifest_Generation = YES;
				INFOPLIST_KEY_UIApplicationSupportsIndirectInputEvents = YES;
				INFOPLIST_KEY_UILaunchScreen_Generation = YES;
				INFOPLIST_KEY_UISupportedInterfaceOrientations_iPad = "UIInterfaceOrientationPortrait UIInterfaceOrientationPortraitUpsideDown UIInterfaceOrientationLandscapeLeft UIInterfaceOrientationLandscapeRight";
				INFOPLIST_KEY_UISupportedInterfaceOrientations_iPhone = "UIInterfaceOrientationPortrait UIInterfaceOrientationLandscapeLeft UIInterfaceOrientationLandscapeRight";
				LD_RUNPATH_SEARCH_PATHS = (
					"$(inherited)",
					"@executable_path/Frameworks",
				);
				MARKETING_VERSION = 1.0;
				PRODUCT_BUNDLE_IDENTIFIER = "Yago.Atividade-4";
				PRODUCT_NAME = "$(TARGET_NAME)";
				SWIFT_EMIT_LOC_STRINGS = YES;
				SWIFT_VERSION = 5.0;
				TARGETED_DEVICE_FAMILY = "1,2";
			};
			name = Debug;
		};
		86DF44D22D8DE7F40034E04E /* Release */ = {
			isa = XCBuildConfiguration;
			buildSettings = {
				ASSETCATALOG_COMPILER_APPICON_NAME = AppIcon;
				ASSETCATALOG_COMPILER_GLOBAL_ACCENT_COLOR_NAME = AccentColor;
				CODE_SIGN_STYLE = Automatic;
				CURRENT_PROJECT_VERSION = 1;
				DEVELOPMENT_ASSET_PATHS = "\"Atividade 4/Preview Content\"";
				ENABLE_PREVIEWS = YES;
				GENERATE_INFOPLIST_FILE = YES;
				INFOPLIST_KEY_UIApplicationSceneManifest_Generation = YES;
				INFOPLIST_KEY_UIApplicationSupportsIndirectInputEvents = YES;
				INFOPLIST_KEY_UILaunchScreen_Generation = YES;
				INFOPLIST_KEY_UISupportedInterfaceOrientations_iPad = "UIInterfaceOrientationPortrait UIInterfaceOrientationPortraitUpsideDown UIInterfaceOrientationLandscapeLeft UIInterfaceOrientationLandscapeRight";
				INFOPLIST_KEY_UISupportedInterfaceOrientations_iPhone = "UIInterfaceOrientationPortrait UIInterfaceOrientationLandscapeLeft UIInterfaceOrientationLandscapeRight";
				LD_RUNPATH_SEARCH_PATHS = (
					"$(inherited)",
					"@executable_path/Frameworks",
				);
				MARKETING_VERSION = 1.0;
				PRODUCT_BUNDLE_IDENTIFIER = "Yago.Atividade-4";
				PRODUCT_NAME = "$(TARGET_NAME)";
				SWIFT_EMIT_LOC_STRINGS = YES;
				SWIFT_VERSION = 5.0;
				TARGETED_DEVICE_FAMILY = "1,2";
			};
			name = Release;
		};
/* End XCBuildConfiguration section */

/* Begin XCConfigurationList section */
		86DF44BD2D8DE7F30034E04E /* Build configuration list for PBXProject "Atividade 4" */ = {
			isa = XCConfigurationList;
			buildConfigurations = (
				86DF44CE2D8DE7F40034E04E /* Debug */,
				86DF44CF2D8DE7F40034E04E /* Release */,
			);
			defaultConfigurationIsVisible = 0;
			defaultConfigurationName = Release;
		};
		86DF44D02D8DE7F40034E04E /* Build configuration list for PBXNativeTarget "Atividade 4" */ = {
			isa = XCConfigurationList;
			buildConfigurations = (
				86DF44D12D8DE7F40034E04E /* Debug */,
				86DF44D22D8DE7F40034E04E /* Release */,
			);
			defaultConfigurationIsVisible = 0;
			defaultConfigurationName = Release;
		};
/* End XCConfigurationList section */
	};
	rootObject = 86DF44BA2D8DE7F30034E04E /* Project object */;
}
